
Microsoft Visual Studio Solution File, Format Version 12.00
# Visual Studio Version 16
VisualStudioVersion = 16.0.28803.452
MinimumVisualStudioVersion = 10.0.40219.1
Project("{FAE04EC0-301F-11D3-BF4B-00C04F79EFBC}") = "WebChatSignalR", "WebChatSignalR\WebChatSignalR.csproj", "{8D9F77E4-3D19-461D-8A44-0C2DAE9D8593}"
EndProject
Global
	GlobalSection(SolutionConfigurationPlatforms) = preSolution
		Debug|Any CPU = Debug|Any CPU
		Release|Any CPU = Release|Any CPU
	EndGlobalSection
	GlobalSection(ProjectConfigurationPlatforms) = postSolution
		{8D9F77E4-3D19-461D-8A44-0C2DAE9D8593}.Debug|Any CPU.ActiveCfg = Debug|Any CPU
		{8D9F77E4-3D19-461D-8A44-0C2DAE9D8593}.Debug|Any CPU.Build.0 = Debug|Any CPU
		{8D9F77E4-3D19-461D-8A44-0C2DAE9D8593}.Release|Any CPU.ActiveCfg = Release|Any CPU
		{8D9F77E4-3D19-461D-8A44-0C2DAE9D8593}.Release|Any CPU.Build.0 = Release|Any CPU
	EndGlobalSection
	GlobalSection(SolutionProperties) = preSolution
		HideSolutionNode = FALSE
	EndGlobalSection
	GlobalSection(ExtensibilityGlobals) = postSolution
		SolutionGuid = {0A9ED4C4-38BC-4144-B2C6-7CC438256DE8}
	EndGlobalSection
EndGlobal
